// !$*UTF8*$!
{
	archiveVersion = 1;
	classes = {
	};
	objectVersion = 46;
	objects = {

/* Begin PBXBuildFile section */
		7A1F6A8A1AEA94A800B099A2 /* MobileCoreServices.framework in Frameworks */ = {isa = PBXBuildFile; fileRef = 7A1F6A891AEA94A800B099A2 /* MobileCoreServices.framework */; };
		7A1F6A8C1AEA94B800B099A2 /* Security.framework in Frameworks */ = {isa = PBXBuildFile; fileRef = 7A1F6A8B1AEA94B800B099A2 /* Security.framework */; };
		7A1F6A8E1AEA94C000B099A2 /* SystemConfiguration.framework in Frameworks */ = {isa = PBXBuildFile; fileRef = 7A1F6A8D1AEA94C000B099A2 /* SystemConfiguration.framework */; };
		7A1F6A901AEA94C800B099A2 /* CFNetwork.framework in Frameworks */ = {isa = PBXBuildFile; fileRef = 7A1F6A8F1AEA94C800B099A2 /* CFNetwork.framework */; };
		7A1F6A921AEA94D100B099A2 /* Social.framework in Frameworks */ = {isa = PBXBuildFile; fileRef = 7A1F6A911AEA94D100B099A2 /* Social.framework */; };
		7A268E341E5B5BCC00D6D5B5 /* TalkableSDK.framework in Frameworks */ = {isa = PBXBuildFile; fileRef = 7A268E331E5B5BCC00D6D5B5 /* TalkableSDK.framework */; };
		7A4FFCE01AEA91AB00995DF0 /* main.m in Sources */ = {isa = PBXBuildFile; fileRef = 7A4FFCDF1AEA91AB00995DF0 /* main.m */; };
		7A4FFCE31AEA91AB00995DF0 /* AppDelegate.m in Sources */ = {isa = PBXBuildFile; fileRef = 7A4FFCE21AEA91AB00995DF0 /* AppDelegate.m */; };
		7A4FFCE61AEA91AB00995DF0 /* ViewController.m in Sources */ = {isa = PBXBuildFile; fileRef = 7A4FFCE51AEA91AB00995DF0 /* ViewController.m */; };
		7A4FFCE91AEA91AB00995DF0 /* Main.storyboard in Resources */ = {isa = PBXBuildFile; fileRef = 7A4FFCE71AEA91AB00995DF0 /* Main.storyboard */; };
		7A4FFCEB1AEA91AB00995DF0 /* Images.xcassets in Resources */ = {isa = PBXBuildFile; fileRef = 7A4FFCEA1AEA91AB00995DF0 /* Images.xcassets */; };
		7A4FFCEE1AEA91AB00995DF0 /* LaunchScreen.xib in Resources */ = {isa = PBXBuildFile; fileRef = 7A4FFCEC1AEA91AB00995DF0 /* LaunchScreen.xib */; };
		7A4FFCFA1AEA91AB00995DF0 /* TalkableSDKDemoTests.m in Sources */ = {isa = PBXBuildFile; fileRef = 7A4FFCF91AEA91AB00995DF0 /* TalkableSDKDemoTests.m */; };
		7A6DD7C91C3FC13900C5E71D /* SafariServices.framework in Frameworks */ = {isa = PBXBuildFile; fileRef = 7A6DD7C81C3FC13900C5E71D /* SafariServices.framework */; };
		7A83196C1B3AF54300EF6445 /* AddressBook.framework in Frameworks */ = {isa = PBXBuildFile; fileRef = 7A83196B1B3AF54300EF6445 /* AddressBook.framework */; };
		7A83196E1B3AF54A00EF6445 /* MessageUI.framework in Frameworks */ = {isa = PBXBuildFile; fileRef = 7A83196D1B3AF54A00EF6445 /* MessageUI.framework */; };
		7AA46B241D8993DE00F877CC /* WebKit.framework in Frameworks */ = {isa = PBXBuildFile; fileRef = 7AA46B231D8993DD00F877CC /* WebKit.framework */; };
/* End PBXBuildFile section */

/* Begin PBXContainerItemProxy section */
		7A4FFCF41AEA91AB00995DF0 /* PBXContainerItemProxy */ = {
			isa = PBXContainerItemProxy;
			containerPortal = 7A4FFCD21AEA91AB00995DF0 /* Project object */;
			proxyType = 1;
			remoteGlobalIDString = 7A4FFCD91AEA91AB00995DF0;
			remoteInfo = TalkableSDKDemo;
		};
/* End PBXContainerItemProxy section */

/* Begin PBXFileReference section */
		7A1F6A891AEA94A800B099A2 /* MobileCoreServices.framework */ = {isa = PBXFileReference; lastKnownFileType = wrapper.framework; name = MobileCoreServices.framework; path = System/Library/Frameworks/MobileCoreServices.framework; sourceTree = SDKROOT; };
		7A1F6A8B1AEA94B800B099A2 /* Security.framework */ = {isa = PBXFileReference; lastKnownFileType = wrapper.framework; name = Security.framework; path = System/Library/Frameworks/Security.framework; sourceTree = SDKROOT; };
		7A1F6A8D1AEA94C000B099A2 /* SystemConfiguration.framework */ = {isa = PBXFileReference; lastKnownFileType = wrapper.framework; name = SystemConfiguration.framework; path = System/Library/Frameworks/SystemConfiguration.framework; sourceTree = SDKROOT; };
		7A1F6A8F1AEA94C800B099A2 /* CFNetwork.framework */ = {isa = PBXFileReference; lastKnownFileType = wrapper.framework; name = CFNetwork.framework; path = System/Library/Frameworks/CFNetwork.framework; sourceTree = SDKROOT; };
		7A1F6A911AEA94D100B099A2 /* Social.framework */ = {isa = PBXFileReference; lastKnownFileType = wrapper.framework; name = Social.framework; path = System/Library/Frameworks/Social.framework; sourceTree = SDKROOT; };
		7A268E331E5B5BCC00D6D5B5 /* TalkableSDK.framework */ = {isa = PBXFileReference; lastKnownFileType = wrapper.framework; path = TalkableSDK.framework; sourceTree = "<group>"; };
		7A4FFCDA1AEA91AB00995DF0 /* TalkableSDKDemo.app */ = {isa = PBXFileReference; explicitFileType = wrapper.application; includeInIndex = 0; path = TalkableSDKDemo.app; sourceTree = BUILT_PRODUCTS_DIR; };
		7A4FFCDE1AEA91AB00995DF0 /* Info.plist */ = {isa = PBXFileReference; lastKnownFileType = text.plist.xml; path = Info.plist; sourceTree = "<group>"; };
		7A4FFCDF1AEA91AB00995DF0 /* main.m */ = {isa = PBXFileReference; lastKnownFileType = sourcecode.c.objc; path = main.m; sourceTree = "<group>"; };
		7A4FFCE11AEA91AB00995DF0 /* AppDelegate.h */ = {isa = PBXFileReference; lastKnownFileType = sourcecode.c.h; path = AppDelegate.h; sourceTree = "<group>"; };
		7A4FFCE21AEA91AB00995DF0 /* AppDelegate.m */ = {isa = PBXFileReference; lastKnownFileType = sourcecode.c.objc; path = AppDelegate.m; sourceTree = "<group>"; };
		7A4FFCE41AEA91AB00995DF0 /* ViewController.h */ = {isa = PBXFileReference; lastKnownFileType = sourcecode.c.h; path = ViewController.h; sourceTree = "<group>"; };
		7A4FFCE51AEA91AB00995DF0 /* ViewController.m */ = {isa = PBXFileReference; lastKnownFileType = sourcecode.c.objc; path = ViewController.m; sourceTree = "<group>"; };
		7A4FFCE81AEA91AB00995DF0 /* Base */ = {isa = PBXFileReference; lastKnownFileType = file.storyboard; name = Base; path = Base.lproj/Main.storyboard; sourceTree = "<group>"; };
		7A4FFCEA1AEA91AB00995DF0 /* Images.xcassets */ = {isa = PBXFileReference; lastKnownFileType = folder.assetcatalog; path = Images.xcassets; sourceTree = "<group>"; };
		7A4FFCED1AEA91AB00995DF0 /* Base */ = {isa = PBXFileReference; lastKnownFileType = file.xib; name = Base; path = Base.lproj/LaunchScreen.xib; sourceTree = "<group>"; };
		7A4FFCF31AEA91AB00995DF0 /* TalkableSDKDemoTests.xctest */ = {isa = PBXFileReference; explicitFileType = wrapper.cfbundle; includeInIndex = 0; path = TalkableSDKDemoTests.xctest; sourceTree = BUILT_PRODUCTS_DIR; };
		7A4FFCF81AEA91AB00995DF0 /* Info.plist */ = {isa = PBXFileReference; lastKnownFileType = text.plist.xml; path = Info.plist; sourceTree = "<group>"; };
		7A4FFCF91AEA91AB00995DF0 /* TalkableSDKDemoTests.m */ = {isa = PBXFileReference; lastKnownFileType = sourcecode.c.objc; path = TalkableSDKDemoTests.m; sourceTree = "<group>"; };
		7A6DD7C81C3FC13900C5E71D /* SafariServices.framework */ = {isa = PBXFileReference; lastKnownFileType = wrapper.framework; name = SafariServices.framework; path = System/Library/Frameworks/SafariServices.framework; sourceTree = SDKROOT; };
		7A83196B1B3AF54300EF6445 /* AddressBook.framework */ = {isa = PBXFileReference; lastKnownFileType = wrapper.framework; name = AddressBook.framework; path = System/Library/Frameworks/AddressBook.framework; sourceTree = SDKROOT; };
		7A83196D1B3AF54A00EF6445 /* MessageUI.framework */ = {isa = PBXFileReference; lastKnownFileType = wrapper.framework; name = MessageUI.framework; path = System/Library/Frameworks/MessageUI.framework; sourceTree = SDKROOT; };
		7A90F0D01B16005B001AB964 /* TalkableServerConfig.h */ = {isa = PBXFileReference; fileEncoding = 4; lastKnownFileType = sourcecode.c.h; path = TalkableServerConfig.h; sourceTree = "<group>"; };
		7AA46B231D8993DD00F877CC /* WebKit.framework */ = {isa = PBXFileReference; lastKnownFileType = wrapper.framework; name = WebKit.framework; path = System/Library/Frameworks/WebKit.framework; sourceTree = SDKROOT; };
/* End PBXFileReference section */

/* Begin PBXFrameworksBuildPhase section */
		7A4FFCD71AEA91AB00995DF0 /* Frameworks */ = {
			isa = PBXFrameworksBuildPhase;
			buildActionMask = 2147483647;
			files = (
				7AA46B241D8993DE00F877CC /* WebKit.framework in Frameworks */,
				7A6DD7C91C3FC13900C5E71D /* SafariServices.framework in Frameworks */,
				7A83196E1B3AF54A00EF6445 /* MessageUI.framework in Frameworks */,
				7A83196C1B3AF54300EF6445 /* AddressBook.framework in Frameworks */,
				7A1F6A921AEA94D100B099A2 /* Social.framework in Frameworks */,
				7A1F6A901AEA94C800B099A2 /* CFNetwork.framework in Frameworks */,
				7A1F6A8E1AEA94C000B099A2 /* SystemConfiguration.framework in Frameworks */,
				7A268E341E5B5BCC00D6D5B5 /* TalkableSDK.framework in Frameworks */,
				7A1F6A8C1AEA94B800B099A2 /* Security.framework in Frameworks */,
				7A1F6A8A1AEA94A800B099A2 /* MobileCoreServices.framework in Frameworks */,
			);
			runOnlyForDeploymentPostprocessing = 0;
		};
		7A4FFCF01AEA91AB00995DF0 /* Frameworks */ = {
			isa = PBXFrameworksBuildPhase;
			buildActionMask = 2147483647;
			files = (
			);
			runOnlyForDeploymentPostprocessing = 0;
		};
/* End PBXFrameworksBuildPhase section */

/* Begin PBXGroup section */
		7A1F6A861AEA947300B099A2 /* Frameworks */ = {
			isa = PBXGroup;
			children = (
				7A268E331E5B5BCC00D6D5B5 /* TalkableSDK.framework */,
				7AA46B231D8993DD00F877CC /* WebKit.framework */,
				7A6DD7C81C3FC13900C5E71D /* SafariServices.framework */,
				7A83196D1B3AF54A00EF6445 /* MessageUI.framework */,
				7A83196B1B3AF54300EF6445 /* AddressBook.framework */,
				7A1F6A911AEA94D100B099A2 /* Social.framework */,
				7A1F6A8F1AEA94C800B099A2 /* CFNetwork.framework */,
				7A1F6A8D1AEA94C000B099A2 /* SystemConfiguration.framework */,
				7A1F6A8B1AEA94B800B099A2 /* Security.framework */,
				7A1F6A891AEA94A800B099A2 /* MobileCoreServices.framework */,
			);
			name = Frameworks;
			path = TalkableSDKDemo/Frameworks;
			sourceTree = "<group>";
		};
		7A4FFCD11AEA91AB00995DF0 = {
			isa = PBXGroup;
			children = (
				7A4FFCDC1AEA91AB00995DF0 /* TalkableSDKDemo */,
				7A4FFCF61AEA91AB00995DF0 /* TalkableSDKDemoTests */,
				7A4FFCDB1AEA91AB00995DF0 /* Products */,
				7A1F6A861AEA947300B099A2 /* Frameworks */,
			);
			sourceTree = "<group>";
		};
		7A4FFCDB1AEA91AB00995DF0 /* Products */ = {
			isa = PBXGroup;
			children = (
				7A4FFCDA1AEA91AB00995DF0 /* TalkableSDKDemo.app */,
				7A4FFCF31AEA91AB00995DF0 /* TalkableSDKDemoTests.xctest */,
			);
			name = Products;
			sourceTree = "<group>";
		};
		7A4FFCDC1AEA91AB00995DF0 /* TalkableSDKDemo */ = {
			isa = PBXGroup;
			children = (
				7A90F0D01B16005B001AB964 /* TalkableServerConfig.h */,
				7A4FFCE11AEA91AB00995DF0 /* AppDelegate.h */,
				7A4FFCE21AEA91AB00995DF0 /* AppDelegate.m */,
				7A4FFCE41AEA91AB00995DF0 /* ViewController.h */,
				7A4FFCE51AEA91AB00995DF0 /* ViewController.m */,
				7A4FFCE71AEA91AB00995DF0 /* Main.storyboard */,
				7A4FFCEA1AEA91AB00995DF0 /* Images.xcassets */,
				7A4FFCEC1AEA91AB00995DF0 /* LaunchScreen.xib */,
				7A4FFCDD1AEA91AB00995DF0 /* Supporting Files */,
			);
			path = TalkableSDKDemo;
			sourceTree = "<group>";
		};
		7A4FFCDD1AEA91AB00995DF0 /* Supporting Files */ = {
			isa = PBXGroup;
			children = (
				7A4FFCDE1AEA91AB00995DF0 /* Info.plist */,
				7A4FFCDF1AEA91AB00995DF0 /* main.m */,
			);
			name = "Supporting Files";
			sourceTree = "<group>";
		};
		7A4FFCF61AEA91AB00995DF0 /* TalkableSDKDemoTests */ = {
			isa = PBXGroup;
			children = (
				7A4FFCF91AEA91AB00995DF0 /* TalkableSDKDemoTests.m */,
				7A4FFCF71AEA91AB00995DF0 /* Supporting Files */,
			);
			path = TalkableSDKDemoTests;
			sourceTree = "<group>";
		};
		7A4FFCF71AEA91AB00995DF0 /* Supporting Files */ = {
			isa = PBXGroup;
			children = (
				7A4FFCF81AEA91AB00995DF0 /* Info.plist */,
			);
			name = "Supporting Files";
			sourceTree = "<group>";
		};
/* End PBXGroup section */

/* Begin PBXNativeTarget section */
		7A4FFCD91AEA91AB00995DF0 /* TalkableSDKDemo */ = {
			isa = PBXNativeTarget;
			buildConfigurationList = 7A4FFCFD1AEA91AB00995DF0 /* Build configuration list for PBXNativeTarget "TalkableSDKDemo" */;
			buildPhases = (
				7A4FFCD61AEA91AB00995DF0 /* Sources */,
				7A4FFCD71AEA91AB00995DF0 /* Frameworks */,
				7A4FFCD81AEA91AB00995DF0 /* Resources */,
			);
			buildRules = (
			);
			dependencies = (
			);
			name = TalkableSDKDemo;
			productName = TalkableSDKDemo;
			productReference = 7A4FFCDA1AEA91AB00995DF0 /* TalkableSDKDemo.app */;
			productType = "com.apple.product-type.application";
		};
		7A4FFCF21AEA91AB00995DF0 /* TalkableSDKDemoTests */ = {
			isa = PBXNativeTarget;
			buildConfigurationList = 7A4FFD001AEA91AB00995DF0 /* Build configuration list for PBXNativeTarget "TalkableSDKDemoTests" */;
			buildPhases = (
				7A4FFCEF1AEA91AB00995DF0 /* Sources */,
				7A4FFCF01AEA91AB00995DF0 /* Frameworks */,
				7A4FFCF11AEA91AB00995DF0 /* Resources */,
			);
			buildRules = (
			);
			dependencies = (
				7A4FFCF51AEA91AB00995DF0 /* PBXTargetDependency */,
			);
			name = TalkableSDKDemoTests;
			productName = TalkableSDKDemoTests;
			productReference = 7A4FFCF31AEA91AB00995DF0 /* TalkableSDKDemoTests.xctest */;
			productType = "com.apple.product-type.bundle.unit-test";
		};
/* End PBXNativeTarget section */

/* Begin PBXProject section */
		7A4FFCD21AEA91AB00995DF0 /* Project object */ = {
			isa = PBXProject;
			attributes = {
				LastUpgradeCheck = 0800;
				ORGANIZATIONNAME = Talkable;
				TargetAttributes = {
					7A4FFCD91AEA91AB00995DF0 = {
						CreatedOnToolsVersion = 6.1.1;
						DevelopmentTeam = 97R9ZGB9VS;
					};
					7A4FFCF21AEA91AB00995DF0 = {
						CreatedOnToolsVersion = 6.1.1;
						TestTargetID = 7A4FFCD91AEA91AB00995DF0;
					};
				};
			};
			buildConfigurationList = 7A4FFCD51AEA91AB00995DF0 /* Build configuration list for PBXProject "TalkableSDKDemo" */;
			compatibilityVersion = "Xcode 3.2";
			developmentRegion = English;
			hasScannedForEncodings = 0;
			knownRegions = (
				en,
				Base,
			);
			mainGroup = 7A4FFCD11AEA91AB00995DF0;
			productRefGroup = 7A4FFCDB1AEA91AB00995DF0 /* Products */;
			projectDirPath = "";
			projectRoot = "";
			targets = (
				7A4FFCD91AEA91AB00995DF0 /* TalkableSDKDemo */,
				7A4FFCF21AEA91AB00995DF0 /* TalkableSDKDemoTests */,
			);
		};
/* End PBXProject section */

/* Begin PBXResourcesBuildPhase section */
		7A4FFCD81AEA91AB00995DF0 /* Resources */ = {
			isa = PBXResourcesBuildPhase;
			buildActionMask = 2147483647;
			files = (
				7A4FFCE91AEA91AB00995DF0 /* Main.storyboard in Resources */,
				7A4FFCEE1AEA91AB00995DF0 /* LaunchScreen.xib in Resources */,
				7A4FFCEB1AEA91AB00995DF0 /* Images.xcassets in Resources */,
			);
			runOnlyForDeploymentPostprocessing = 0;
		};
		7A4FFCF11AEA91AB00995DF0 /* Resources */ = {
			isa = PBXResourcesBuildPhase;
			buildActionMask = 2147483647;
			files = (
			);
			runOnlyForDeploymentPostprocessing = 0;
		};
/* End PBXResourcesBuildPhase section */

/* Begin PBXSourcesBuildPhase section */
		7A4FFCD61AEA91AB00995DF0 /* Sources */ = {
			isa = PBXSourcesBuildPhase;
			buildActionMask = 2147483647;
			files = (
				7A4FFCE61AEA91AB00995DF0 /* ViewController.m in Sources */,
				7A4FFCE31AEA91AB00995DF0 /* AppDelegate.m in Sources */,
				7A4FFCE01AEA91AB00995DF0 /* main.m in Sources */,
			);
			runOnlyForDeploymentPostprocessing = 0;
		};
		7A4FFCEF1AEA91AB00995DF0 /* Sources */ = {
			isa = PBXSourcesBuildPhase;
			buildActionMask = 2147483647;
			files = (
				7A4FFCFA1AEA91AB00995DF0 /* TalkableSDKDemoTests.m in Sources */,
			);
			runOnlyForDeploymentPostprocessing = 0;
		};
/* End PBXSourcesBuildPhase section */

/* Begin PBXTargetDependency section */
		7A4FFCF51AEA91AB00995DF0 /* PBXTargetDependency */ = {
			isa = PBXTargetDependency;
			target = 7A4FFCD91AEA91AB00995DF0 /* TalkableSDKDemo */;
			targetProxy = 7A4FFCF41AEA91AB00995DF0 /* PBXContainerItemProxy */;
		};
/* End PBXTargetDependency section */

/* Begin PBXVariantGroup section */
		7A4FFCE71AEA91AB00995DF0 /* Main.storyboard */ = {
			isa = PBXVariantGroup;
			children = (
				7A4FFCE81AEA91AB00995DF0 /* Base */,
			);
			name = Main.storyboard;
			sourceTree = "<group>";
		};
		7A4FFCEC1AEA91AB00995DF0 /* LaunchScreen.xib */ = {
			isa = PBXVariantGroup;
			children = (
				7A4FFCED1AEA91AB00995DF0 /* Base */,
			);
			name = LaunchScreen.xib;
			sourceTree = "<group>";
		};
/* End PBXVariantGroup section */

/* Begin XCBuildConfiguration section */
		7A4FFCFB1AEA91AB00995DF0 /* Debug */ = {
			isa = XCBuildConfiguration;
			buildSettings = {
				ALWAYS_SEARCH_USER_PATHS = NO;
				CLANG_CXX_LANGUAGE_STANDARD = "gnu++0x";
				CLANG_CXX_LIBRARY = "libc++";
				CLANG_ENABLE_MODULES = YES;
				CLANG_ENABLE_OBJC_ARC = YES;
				CLANG_WARN_BOOL_CONVERSION = YES;
				CLANG_WARN_CONSTANT_CONVERSION = YES;
				CLANG_WARN_DIRECT_OBJC_ISA_USAGE = YES_ERROR;
				CLANG_WARN_EMPTY_BODY = YES;
				CLANG_WARN_ENUM_CONVERSION = YES;
				CLANG_WARN_INFINITE_RECURSION = YES;
				CLANG_WARN_INT_CONVERSION = YES;
				CLANG_WARN_OBJC_ROOT_CLASS = YES_ERROR;
				CLANG_WARN_SUSPICIOUS_MOVE = YES;
				CLANG_WARN_UNREACHABLE_CODE = YES;
				CLANG_WARN__DUPLICATE_METHOD_MATCH = YES;
				"CODE_SIGN_IDENTITY[sdk=iphoneos*]" = "iPhone Developer";
				COPY_PHASE_STRIP = NO;
				ENABLE_STRICT_OBJC_MSGSEND = YES;
				ENABLE_TESTABILITY = YES;
				GCC_C_LANGUAGE_STANDARD = gnu99;
				GCC_DYNAMIC_NO_PIC = NO;
				GCC_NO_COMMON_BLOCKS = YES;
				GCC_OPTIMIZATION_LEVEL = 0;
				GCC_PREPROCESSOR_DEFINITIONS = (
					"DEBUG=1",
					"$(inherited)",
				);
				GCC_SYMBOLS_PRIVATE_EXTERN = NO;
				GCC_WARN_64_TO_32_BIT_CONVERSION = YES;
				GCC_WARN_ABOUT_RETURN_TYPE = YES_ERROR;
				GCC_WARN_UNDECLARED_SELECTOR = YES;
				GCC_WARN_UNINITIALIZED_AUTOS = YES_AGGRESSIVE;
				GCC_WARN_UNUSED_FUNCTION = YES;
				GCC_WARN_UNUSED_VARIABLE = YES;
				IPHONEOS_DEPLOYMENT_TARGET = 8.0;
				MTL_ENABLE_DEBUG_INFO = YES;
				ONLY_ACTIVE_ARCH = YES;
				OTHER_LDFLAGS = "-ObjC";
				SDKROOT = iphoneos;
				TARGETED_DEVICE_FAMILY = "1,2";
			};
			name = Debug;
		};
		7A4FFCFC1AEA91AB00995DF0 /* Release */ = {
			isa = XCBuildConfiguration;
			buildSettings = {
				ALWAYS_SEARCH_USER_PATHS = NO;
				CLANG_CXX_LANGUAGE_STANDARD = "gnu++0x";
				CLANG_CXX_LIBRARY = "libc++";
				CLANG_ENABLE_MODULES = YES;
				CLANG_ENABLE_OBJC_ARC = YES;
				CLANG_WARN_BOOL_CONVERSION = YES;
				CLANG_WARN_CONSTANT_CONVERSION = YES;
				CLANG_WARN_DIRECT_OBJC_ISA_USAGE = YES_ERROR;
				CLANG_WARN_EMPTY_BODY = YES;
				CLANG_WARN_ENUM_CONVERSION = YES;
				CLANG_WARN_INFINITE_RECURSION = YES;
				CLANG_WARN_INT_CONVERSION = YES;
				CLANG_WARN_OBJC_ROOT_CLASS = YES_ERROR;
				CLANG_WARN_SUSPICIOUS_MOVE = YES;
				CLANG_WARN_UNREACHABLE_CODE = YES;
				CLANG_WARN__DUPLICATE_METHOD_MATCH = YES;
				"CODE_SIGN_IDENTITY[sdk=iphoneos*]" = "iPhone Developer";
				COPY_PHASE_STRIP = YES;
				ENABLE_NS_ASSERTIONS = NO;
				ENABLE_STRICT_OBJC_MSGSEND = YES;
				GCC_C_LANGUAGE_STANDARD = gnu99;
				GCC_NO_COMMON_BLOCKS = YES;
				GCC_WARN_64_TO_32_BIT_CONVERSION = YES;
				GCC_WARN_ABOUT_RETURN_TYPE = YES_ERROR;
				GCC_WARN_UNDECLARED_SELECTOR = YES;
				GCC_WARN_UNINITIALIZED_AUTOS = YES_AGGRESSIVE;
				GCC_WARN_UNUSED_FUNCTION = YES;
				GCC_WARN_UNUSED_VARIABLE = YES;
				IPHONEOS_DEPLOYMENT_TARGET = 8.0;
				MTL_ENABLE_DEBUG_INFO = NO;
				OTHER_LDFLAGS = "-ObjC";
				SDKROOT = iphoneos;
				TARGETED_DEVICE_FAMILY = "1,2";
				VALIDATE_PRODUCT = YES;
			};
			name = Release;
		};
		7A4FFCFE1AEA91AB00995DF0 /* Debug */ = {
			isa = XCBuildConfiguration;
			buildSettings = {
				ASSETCATALOG_COMPILER_APPICON_NAME = AppIcon;
				CODE_SIGN_IDENTITY = "iPhone Developer";
				"CODE_SIGN_IDENTITY[sdk=iphoneos*]" = "iPhone Developer";
				ENABLE_BITCODE = NO;
				FRAMEWORK_SEARCH_PATHS = (
					"$(inherited)",
					"$(PROJECT_DIR)/TalkableSDKDemo/Frameworks",
				);
				INFOPLIST_FILE = TalkableSDKDemo/Info.plist;
				LD_RUNPATH_SEARCH_PATHS = "$(inherited) @executable_path/Frameworks";
				PRODUCT_BUNDLE_IDENTIFIER = "com.talkable.$(PRODUCT_NAME:rfc1034identifier)";
				PRODUCT_NAME = "$(TARGET_NAME)";
				PROVISIONING_PROFILE = "";
			};
			name = Debug;
		};
		7A4FFCFF1AEA91AB00995DF0 /* Release */ = {
			isa = XCBuildConfiguration;
			buildSettings = {
				ASSETCATALOG_COMPILER_APPICON_NAME = AppIcon;
				CODE_SIGN_IDENTITY = "iPhone Developer";
				"CODE_SIGN_IDENTITY[sdk=iphoneos*]" = "iPhone Developer";
				ENABLE_BITCODE = NO;
				FRAMEWORK_SEARCH_PATHS = (
					"$(inherited)",
					"$(PROJECT_DIR)/TalkableSDKDemo/Frameworks",
				);
				INFOPLIST_FILE = TalkableSDKDemo/Info.plist;
				LD_RUNPATH_SEARCH_PATHS = "$(inherited) @executable_path/Frameworks";
				PRODUCT_BUNDLE_IDENTIFIER = "com.talkable.$(PRODUCT_NAME:rfc1034identifier)";
				PRODUCT_NAME = "$(TARGET_NAME)";
				PROVISIONING_PROFILE = "";
			};
			name = Release;
		};
		7A4FFD011AEA91AB00995DF0 /* Debug */ = {
			isa = XCBuildConfiguration;
			buildSettings = {
				BUNDLE_LOADER = "$(TEST_HOST)";
				FRAMEWORK_SEARCH_PATHS = (
					"$(SDKROOT)/Developer/Library/Frameworks",
					"$(inherited)",
				);
				GCC_PREPROCESSOR_DEFINITIONS = (
					"DEBUG=1",
					"$(inherited)",
				);
				INFOPLIST_FILE = TalkableSDKDemoTests/Info.plist;
				LD_RUNPATH_SEARCH_PATHS = "$(inherited) @executable_path/Frameworks @loader_path/Frameworks";
				PRODUCT_BUNDLE_IDENTIFIER = "com.talkable.$(PRODUCT_NAME:rfc1034identifier)";
				PRODUCT_NAME = "$(TARGET_NAME)";
				TEST_HOST = "$(BUILT_PRODUCTS_DIR)/TalkableSDKDemo.app/TalkableSDKDemo";
			};
			name = Debug;
		};
		7A4FFD021AEA91AB00995DF0 /* Release */ = {
			isa = XCBuildConfiguration;
			buildSettings = {
				BUNDLE_LOADER = "$(TEST_HOST)";
				FRAMEWORK_SEARCH_PATHS = (
					"$(SDKROOT)/Developer/Library/Frameworks",
					"$(inherited)",
				);
				INFOPLIST_FILE = TalkableSDKDemoTests/Info.plist;
				LD_RUNPATH_SEARCH_PATHS = "$(inherited) @executable_path/Frameworks @loader_path/Frameworks";
				PRODUCT_BUNDLE_IDENTIFIER = "com.talkable.$(PRODUCT_NAME:rfc1034identifier)";
				PRODUCT_NAME = "$(TARGET_NAME)";
				TEST_HOST = "$(BUILT_PRODUCTS_DIR)/TalkableSDKDemo.app/TalkableSDKDemo";
			};
			name = Release;
		};
/* End XCBuildConfiguration section */

/* Begin XCConfigurationList section */
		7A4FFCD51AEA91AB00995DF0 /* Build configuration list for PBXProject "TalkableSDKDemo" */ = {
			isa = XCConfigurationList;
			buildConfigurations = (
				7A4FFCFB1AEA91AB00995DF0 /* Debug */,
				7A4FFCFC1AEA91AB00995DF0 /* Release */,
			);
			defaultConfigurationIsVisible = 0;
			defaultConfigurationName = Release;
		};
		7A4FFCFD1AEA91AB00995DF0 /* Build configuration list for PBXNativeTarget "TalkableSDKDemo" */ = {
			isa = XCConfigurationList;
			buildConfigurations = (
				7A4FFCFE1AEA91AB00995DF0 /* Debug */,
				7A4FFCFF1AEA91AB00995DF0 /* Release */,
			);
			defaultConfigurationIsVisible = 0;
			defaultConfigurationName = Release;
		};
		7A4FFD001AEA91AB00995DF0 /* Build configuration list for PBXNativeTarget "TalkableSDKDemoTests" */ = {
			isa = XCConfigurationList;
			buildConfigurations = (
				7A4FFD011AEA91AB00995DF0 /* Debug */,
				7A4FFD021AEA91AB00995DF0 /* Release */,
			);
			defaultConfigurationIsVisible = 0;
			defaultConfigurationName = Release;
		};
/* End XCConfigurationList section */
	};
	rootObject = 7A4FFCD21AEA91AB00995DF0 /* Project object */;
}
